
Microsoft Visual Studio Solution File, Format Version 12.00
# Visual Studio Version 16
VisualStudioVersion = 16.0.29215.179
MinimumVisualStudioVersion = 10.0.40219.1
Project("{FAE04EC0-301F-11D3-BF4B-00C04F79EFBC}") = "Parcial1-AP1", "Parcial1-AP1\Parcial1-AP1.csproj", "{3A00CCD7-9C22-43A1-B1E7-0948CF5F7F77}"
EndProject
Global
	GlobalSection(SolutionConfigurationPlatforms) = preSolution
		Debug|Any CPU = Debug|Any CPU
		Release|Any CPU = Release|Any CPU
	EndGlobalSection
	GlobalSection(ProjectConfigurationPlatforms) = postSolution
		{3A00CCD7-9C22-43A1-B1E7-0948CF5F7F77}.Debug|Any CPU.ActiveCfg = Debug|Any CPU
		{3A00CCD7-9C22-43A1-B1E7-0948CF5F7F77}.Debug|Any CPU.Build.0 = Debug|Any CPU
		{3A00CCD7-9C22-43A1-B1E7-0948CF5F7F77}.Release|Any CPU.ActiveCfg = Release|Any CPU
		{3A00CCD7-9C22-43A1-B1E7-0948CF5F7F77}.Release|Any CPU.Build.0 = Release|Any CPU
	EndGlobalSection
	GlobalSection(SolutionProperties) = preSolution
		HideSolutionNode = FALSE
	EndGlobalSection
	GlobalSection(ExtensibilityGlobals) = postSolution
		SolutionGuid = {C9E49B12-25C6-43B3-90EE-90A39279BF7B}
	EndGlobalSection
EndGlobal
